// !$*UTF8*$!
{
	archiveVersion = 1;
	classes = {
	};
	objectVersion = 55;
	objects = {

/* Begin PBXBuildFile section */
		6E878B2327FF59A800FBB5D3 /* Tests_iOS.swift in Sources */ = {isa = PBXBuildFile; fileRef = 6E878B2227FF59A800FBB5D3 /* Tests_iOS.swift */; };
		6E878B2527FF59A800FBB5D3 /* Tests_iOSLaunchTests.swift in Sources */ = {isa = PBXBuildFile; fileRef = 6E878B2427FF59A800FBB5D3 /* Tests_iOSLaunchTests.swift */; };
		6E878B2F27FF59A800FBB5D3 /* Tests_macOS.swift in Sources */ = {isa = PBXBuildFile; fileRef = 6E878B2E27FF59A800FBB5D3 /* Tests_macOS.swift */; };
		6E878B3127FF59A800FBB5D3 /* Tests_macOSLaunchTests.swift in Sources */ = {isa = PBXBuildFile; fileRef = 6E878B3027FF59A800FBB5D3 /* Tests_macOSLaunchTests.swift */; };
		6E878B3227FF59A800FBB5D3 /* Recipe_AppApp.swift in Sources */ = {isa = PBXBuildFile; fileRef = 6E878B0A27FF59A500FBB5D3 /* Recipe_AppApp.swift */; };
		6E878B3327FF59A800FBB5D3 /* Recipe_AppApp.swift in Sources */ = {isa = PBXBuildFile; fileRef = 6E878B0A27FF59A500FBB5D3 /* Recipe_AppApp.swift */; };
		6E878B3427FF59A800FBB5D3 /* ContentView.swift in Sources */ = {isa = PBXBuildFile; fileRef = 6E878B0B27FF59A500FBB5D3 /* ContentView.swift */; };
		6E878B3527FF59A800FBB5D3 /* ContentView.swift in Sources */ = {isa = PBXBuildFile; fileRef = 6E878B0B27FF59A500FBB5D3 /* ContentView.swift */; };
		6E878B3627FF59A800FBB5D3 /* Assets.xcassets in Resources */ = {isa = PBXBuildFile; fileRef = 6E878B0C27FF59A800FBB5D3 /* Assets.xcassets */; };
		6E878B3727FF59A800FBB5D3 /* Assets.xcassets in Resources */ = {isa = PBXBuildFile; fileRef = 6E878B0C27FF59A800FBB5D3 /* Assets.xcassets */; };
/* End PBXBuildFile section */

/* Begin PBXContainerItemProxy section */
		6E878B1F27FF59A800FBB5D3 /* PBXContainerItemProxy */ = {
			isa = PBXContainerItemProxy;
			containerPortal = 6E878B0527FF59A400FBB5D3 /* Project object */;
			proxyType = 1;
			remoteGlobalIDString = 6E878B1027FF59A800FBB5D3;
			remoteInfo = "Recipe App (iOS)";
		};
		6E878B2B27FF59A800FBB5D3 /* PBXContainerItemProxy */ = {
			isa = PBXContainerItemProxy;
			containerPortal = 6E878B0527FF59A400FBB5D3 /* Project object */;
			proxyType = 1;
			remoteGlobalIDString = 6E878B1627FF59A800FBB5D3;
			remoteInfo = "Recipe App (macOS)";
		};
/* End PBXContainerItemProxy section */

/* Begin PBXFileReference section */
		6E878B0A27FF59A500FBB5D3 /* Recipe_AppApp.swift */ = {isa = PBXFileReference; lastKnownFileType = sourcecode.swift; path = Recipe_AppApp.swift; sourceTree = "<group>"; };
		6E878B0B27FF59A500FBB5D3 /* ContentView.swift */ = {isa = PBXFileReference; lastKnownFileType = sourcecode.swift; path = ContentView.swift; sourceTree = "<group>"; };
		6E878B0C27FF59A800FBB5D3 /* Assets.xcassets */ = {isa = PBXFileReference; lastKnownFileType = folder.assetcatalog; path = Assets.xcassets; sourceTree = "<group>"; };
		6E878B1127FF59A800FBB5D3 /* Recipe App.app */ = {isa = PBXFileReference; explicitFileType = wrapper.application; includeInIndex = 0; path = "Recipe App.app"; sourceTree = BUILT_PRODUCTS_DIR; };
		6E878B1727FF59A800FBB5D3 /* Recipe App.app */ = {isa = PBXFileReference; explicitFileType = wrapper.application; includeInIndex = 0; path = "Recipe App.app"; sourceTree = BUILT_PRODUCTS_DIR; };
		6E878B1927FF59A800FBB5D3 /* macOS.entitlements */ = {isa = PBXFileReference; lastKnownFileType = text.plist.entitlements; path = macOS.entitlements; sourceTree = "<group>"; };
		6E878B1E27FF59A800FBB5D3 /* Tests iOS.xctest */ = {isa = PBXFileReference; explicitFileType = wrapper.cfbundle; includeInIndex = 0; path = "Tests iOS.xctest"; sourceTree = BUILT_PRODUCTS_DIR; };
		6E878B2227FF59A800FBB5D3 /* Tests_iOS.swift */ = {isa = PBXFileReference; lastKnownFileType = sourcecode.swift; path = Tests_iOS.swift; sourceTree = "<group>"; };
		6E878B2427FF59A800FBB5D3 /* Tests_iOSLaunchTests.swift */ = {isa = PBXFileReference; lastKnownFileType = sourcecode.swift; path = Tests_iOSLaunchTests.swift; sourceTree = "<group>"; };
		6E878B2A27FF59A800FBB5D3 /* Tests macOS.xctest */ = {isa = PBXFileReference; explicitFileType = wrapper.cfbundle; includeInIndex = 0; path = "Tests macOS.xctest"; sourceTree = BUILT_PRODUCTS_DIR; };
		6E878B2E27FF59A800FBB5D3 /* Tests_macOS.swift */ = {isa = PBXFileReference; lastKnownFileType = sourcecode.swift; path = Tests_macOS.swift; sourceTree = "<group>"; };
		6E878B3027FF59A800FBB5D3 /* Tests_macOSLaunchTests.swift */ = {isa = PBXFileReference; lastKnownFileType = sourcecode.swift; path = Tests_macOSLaunchTests.swift; sourceTree = "<group>"; };
/* End PBXFileReference section */

/* Begin PBXFrameworksBuildPhase section */
		6E878B0E27FF59A800FBB5D3 /* Frameworks */ = {
			isa = PBXFrameworksBuildPhase;
			buildActionMask = 2147483647;
			files = (
			);
			runOnlyForDeploymentPostprocessing = 0;
		};
		6E878B1427FF59A800FBB5D3 /* Frameworks */ = {
			isa = PBXFrameworksBuildPhase;
			buildActionMask = 2147483647;
			files = (
			);
			runOnlyForDeploymentPostprocessing = 0;
		};
		6E878B1B27FF59A800FBB5D3 /* Frameworks */ = {
			isa = PBXFrameworksBuildPhase;
			buildActionMask = 2147483647;
			files = (
			);
			runOnlyForDeploymentPostprocessing = 0;
		};
		6E878B2727FF59A800FBB5D3 /* Frameworks */ = {
			isa = PBXFrameworksBuildPhase;
			buildActionMask = 2147483647;
			files = (
			);
			runOnlyForDeploymentPostprocessing = 0;
		};
/* End PBXFrameworksBuildPhase section */

/* Begin PBXGroup section */
		6E878B0427FF59A400FBB5D3 = {
			isa = PBXGroup;
			children = (
				6E878B0927FF59A500FBB5D3 /* Shared */,
				6E878B1827FF59A800FBB5D3 /* macOS */,
				6E878B2127FF59A800FBB5D3 /* Tests iOS */,
				6E878B2D27FF59A800FBB5D3 /* Tests macOS */,
				6E878B1227FF59A800FBB5D3 /* Products */,
			);
			sourceTree = "<group>";
		};
		6E878B0927FF59A500FBB5D3 /* Shared */ = {
			isa = PBXGroup;
			children = (
				6E878B0A27FF59A500FBB5D3 /* Recipe_AppApp.swift */,
				6E878B0B27FF59A500FBB5D3 /* ContentView.swift */,
				6E878B0C27FF59A800FBB5D3 /* Assets.xcassets */,
			);
			path = Shared;
			sourceTree = "<group>";
		};
		6E878B1227FF59A800FBB5D3 /* Products */ = {
			isa = PBXGroup;
			children = (
				6E878B1127FF59A800FBB5D3 /* Recipe App.app */,
				6E878B1727FF59A800FBB5D3 /* Recipe App.app */,
				6E878B1E27FF59A800FBB5D3 /* Tests iOS.xctest */,
				6E878B2A27FF59A800FBB5D3 /* Tests macOS.xctest */,
			);
			name = Products;
			sourceTree = "<group>";
		};
		6E878B1827FF59A800FBB5D3 /* macOS */ = {
			isa = PBXGroup;
			children = (
				6E878B1927FF59A800FBB5D3 /* macOS.entitlements */,
			);
			path = macOS;
			sourceTree = "<group>";
		};
		6E878B2127FF59A800FBB5D3 /* Tests iOS */ = {
			isa = PBXGroup;
			children = (
				6E878B2227FF59A800FBB5D3 /* Tests_iOS.swift */,
				6E878B2427FF59A800FBB5D3 /* Tests_iOSLaunchTests.swift */,
			);
			path = "Tests iOS";
			sourceTree = "<group>";
		};
		6E878B2D27FF59A800FBB5D3 /* Tests macOS */ = {
			isa = PBXGroup;
			children = (
				6E878B2E27FF59A800FBB5D3 /* Tests_macOS.swift */,
				6E878B3027FF59A800FBB5D3 /* Tests_macOSLaunchTests.swift */,
			);
			path = "Tests macOS";
			sourceTree = "<group>";
		};
/* End PBXGroup section */

/* Begin PBXNativeTarget section */
		6E878B1027FF59A800FBB5D3 /* Recipe App (iOS) */ = {
			isa = PBXNativeTarget;
			buildConfigurationList = 6E878B3A27FF59A800FBB5D3 /* Build configuration list for PBXNativeTarget "Recipe App (iOS)" */;
			buildPhases = (
				6E878B0D27FF59A800FBB5D3 /* Sources */,
				6E878B0E27FF59A800FBB5D3 /* Frameworks */,
				6E878B0F27FF59A800FBB5D3 /* Resources */,
			);
			buildRules = (
			);
			dependencies = (
			);
			name = "Recipe App (iOS)";
			productName = "Recipe App (iOS)";
			productReference = 6E878B1127FF59A800FBB5D3 /* Recipe App.app */;
			productType = "com.apple.product-type.application";
		};
		6E878B1627FF59A800FBB5D3 /* Recipe App (macOS) */ = {
			isa = PBXNativeTarget;
			buildConfigurationList = 6E878B3D27FF59A800FBB5D3 /* Build configuration list for PBXNativeTarget "Recipe App (macOS)" */;
			buildPhases = (
				6E878B1327FF59A800FBB5D3 /* Sources */,
				6E878B1427FF59A800FBB5D3 /* Frameworks */,
				6E878B1527FF59A800FBB5D3 /* Resources */,
			);
			buildRules = (
			);
			dependencies = (
			);
			name = "Recipe App (macOS)";
			productName = "Recipe App (macOS)";
			productReference = 6E878B1727FF59A800FBB5D3 /* Recipe App.app */;
			productType = "com.apple.product-type.application";
		};
		6E878B1D27FF59A800FBB5D3 /* Tests iOS */ = {
			isa = PBXNativeTarget;
			buildConfigurationList = 6E878B4027FF59A800FBB5D3 /* Build configuration list for PBXNativeTarget "Tests iOS" */;
			buildPhases = (
				6E878B1A27FF59A800FBB5D3 /* Sources */,
				6E878B1B27FF59A800FBB5D3 /* Frameworks */,
				6E878B1C27FF59A800FBB5D3 /* Resources */,
			);
			buildRules = (
			);
			dependencies = (
				6E878B2027FF59A800FBB5D3 /* PBXTargetDependency */,
			);
			name = "Tests iOS";
			productName = "Tests iOS";
			productReference = 6E878B1E27FF59A800FBB5D3 /* Tests iOS.xctest */;
			productType = "com.apple.product-type.bundle.ui-testing";
		};
		6E878B2927FF59A800FBB5D3 /* Tests macOS */ = {
			isa = PBXNativeTarget;
			buildConfigurationList = 6E878B4327FF59A800FBB5D3 /* Build configuration list for PBXNativeTarget "Tests macOS" */;
			buildPhases = (
				6E878B2627FF59A800FBB5D3 /* Sources */,
				6E878B2727FF59A800FBB5D3 /* Frameworks */,
				6E878B2827FF59A800FBB5D3 /* Resources */,
			);
			buildRules = (
			);
			dependencies = (
				6E878B2C27FF59A800FBB5D3 /* PBXTargetDependency */,
			);
			name = "Tests macOS";
			productName = "Tests macOS";
			productReference = 6E878B2A27FF59A800FBB5D3 /* Tests macOS.xctest */;
			productType = "com.apple.product-type.bundle.ui-testing";
		};
/* End PBXNativeTarget section */

/* Begin PBXProject section */
		6E878B0527FF59A400FBB5D3 /* Project object */ = {
			isa = PBXProject;
			attributes = {
				BuildIndependentTargetsInParallel = 1;
				LastSwiftUpdateCheck = 1330;
				LastUpgradeCheck = 1330;
				TargetAttributes = {
					6E878B1027FF59A800FBB5D3 = {
						CreatedOnToolsVersion = 13.3;
					};
					6E878B1627FF59A800FBB5D3 = {
						CreatedOnToolsVersion = 13.3;
					};
					6E878B1D27FF59A800FBB5D3 = {
						CreatedOnToolsVersion = 13.3;
						TestTargetID = 6E878B1027FF59A800FBB5D3;
					};
					6E878B2927FF59A800FBB5D3 = {
						CreatedOnToolsVersion = 13.3;
						TestTargetID = 6E878B1627FF59A800FBB5D3;
					};
				};
			};
			buildConfigurationList = 6E878B0827FF59A400FBB5D3 /* Build configuration list for PBXProject "Recipe App" */;
			compatibilityVersion = "Xcode 13.0";
			developmentRegion = en;
			hasScannedForEncodings = 0;
			knownRegions = (
				en,
				Base,
			);
			mainGroup = 6E878B0427FF59A400FBB5D3;
			productRefGroup = 6E878B1227FF59A800FBB5D3 /* Products */;
			projectDirPath = "";
			projectRoot = "";
			targets = (
				6E878B1027FF59A800FBB5D3 /* Recipe App (iOS) */,
				6E878B1627FF59A800FBB5D3 /* Recipe App (macOS) */,
				6E878B1D27FF59A800FBB5D3 /* Tests iOS */,
				6E878B2927FF59A800FBB5D3 /* Tests macOS */,
			);
		};
/* End PBXProject section */

/* Begin PBXResourcesBuildPhase section */
		6E878B0F27FF59A800FBB5D3 /* Resources */ = {
			isa = PBXResourcesBuildPhase;
			buildActionMask = 2147483647;
			files = (
				6E878B3627FF59A800FBB5D3 /* Assets.xcassets in Resources */,
			);
			runOnlyForDeploymentPostprocessing = 0;
		};
		6E878B1527FF59A800FBB5D3 /* Resources */ = {
			isa = PBXResourcesBuildPhase;
			buildActionMask = 2147483647;
			files = (
				6E878B3727FF59A800FBB5D3 /* Assets.xcassets in Resources */,
			);
			runOnlyForDeploymentPostprocessing = 0;
		};
		6E878B1C27FF59A800FBB5D3 /* Resources */ = {
			isa = PBXResourcesBuildPhase;
			buildActionMask = 2147483647;
			files = (
			);
			runOnlyForDeploymentPostprocessing = 0;
		};
		6E878B2827FF59A800FBB5D3 /* Resources */ = {
			isa = PBXResourcesBuildPhase;
			buildActionMask = 2147483647;
			files = (
			);
			runOnlyForDeploymentPostprocessing = 0;
		};
/* End PBXResourcesBuildPhase section */

/* Begin PBXSourcesBuildPhase section */
		6E878B0D27FF59A800FBB5D3 /* Sources */ = {
			isa = PBXSourcesBuildPhase;
			buildActionMask = 2147483647;
			files = (
				6E878B3427FF59A800FBB5D3 /* ContentView.swift in Sources */,
				6E878B3227FF59A800FBB5D3 /* Recipe_AppApp.swift in Sources */,
			);
			runOnlyForDeploymentPostprocessing = 0;
		};
		6E878B1327FF59A800FBB5D3 /* Sources */ = {
			isa = PBXSourcesBuildPhase;
			buildActionMask = 2147483647;
			files = (
				6E878B3527FF59A800FBB5D3 /* ContentView.swift in Sources */,
				6E878B3327FF59A800FBB5D3 /* Recipe_AppApp.swift in Sources */,
			);
			runOnlyForDeploymentPostprocessing = 0;
		};
		6E878B1A27FF59A800FBB5D3 /* Sources */ = {
			isa = PBXSourcesBuildPhase;
			buildActionMask = 2147483647;
			files = (
				6E878B2527FF59A800FBB5D3 /* Tests_iOSLaunchTests.swift in Sources */,
				6E878B2327FF59A800FBB5D3 /* Tests_iOS.swift in Sources */,
			);
			runOnlyForDeploymentPostprocessing = 0;
		};
		6E878B2627FF59A800FBB5D3 /* Sources */ = {
			isa = PBXSourcesBuildPhase;
			buildActionMask = 2147483647;
			files = (
				6E878B3127FF59A800FBB5D3 /* Tests_macOSLaunchTests.swift in Sources */,
				6E878B2F27FF59A800FBB5D3 /* Tests_macOS.swift in Sources */,
			);
			runOnlyForDeploymentPostprocessing = 0;
		};
/* End PBXSourcesBuildPhase section */

/* Begin PBXTargetDependency section */
		6E878B2027FF59A800FBB5D3 /* PBXTargetDependency */ = {
			isa = PBXTargetDependency;
			target = 6E878B1027FF59A800FBB5D3 /* Recipe App (iOS) */;
			targetProxy = 6E878B1F27FF59A800FBB5D3 /* PBXContainerItemProxy */;
		};
		6E878B2C27FF59A800FBB5D3 /* PBXTargetDependency */ = {
			isa = PBXTargetDependency;
			target = 6E878B1627FF59A800FBB5D3 /* Recipe App (macOS) */;
			targetProxy = 6E878B2B27FF59A800FBB5D3 /* PBXContainerItemProxy */;
		};
/* End PBXTargetDependency section */

/* Begin XCBuildConfiguration section */
		6E878B3827FF59A800FBB5D3 /* Debug */ = {
			isa = XCBuildConfiguration;
			buildSettings = {
				ALWAYS_SEARCH_USER_PATHS = NO;
				CLANG_ANALYZER_NONNULL = YES;
				CLANG_ANALYZER_NUMBER_OBJECT_CONVERSION = YES_AGGRESSIVE;
				CLANG_CXX_LANGUAGE_STANDARD = "gnu++17";
				CLANG_ENABLE_MODULES = YES;
				CLANG_ENABLE_OBJC_ARC = YES;
				CLANG_ENABLE_OBJC_WEAK = YES;
				CLANG_WARN_BLOCK_CAPTURE_AUTORELEASING = YES;
				CLANG_WARN_BOOL_CONVERSION = YES;
				CLANG_WARN_COMMA = YES;
				CLANG_WARN_CONSTANT_CONVERSION = YES;
				CLANG_WARN_DEPRECATED_OBJC_IMPLEMENTATIONS = YES;
				CLANG_WARN_DIRECT_OBJC_ISA_USAGE = YES_ERROR;
				CLANG_WARN_DOCUMENTATION_COMMENTS = YES;
				CLANG_WARN_EMPTY_BODY = YES;
				CLANG_WARN_ENUM_CONVERSION = YES;
				CLANG_WARN_INFINITE_RECURSION = YES;
				CLANG_WARN_INT_CONVERSION = YES;
				CLANG_WARN_NON_LITERAL_NULL_CONVERSION = YES;
				CLANG_WARN_OBJC_IMPLICIT_RETAIN_SELF = YES;
				CLANG_WARN_OBJC_LITERAL_CONVERSION = YES;
				CLANG_WARN_OBJC_ROOT_CLASS = YES_ERROR;
				CLANG_WARN_QUOTED_INCLUDE_IN_FRAMEWORK_HEADER = YES;
				CLANG_WARN_RANGE_LOOP_ANALYSIS = YES;
				CLANG_WARN_STRICT_PROTOTYPES = YES;
				CLANG_WARN_SUSPICIOUS_MOVE = YES;
				CLANG_WARN_UNGUARDED_AVAILABILITY = YES_AGGRESSIVE;
				CLANG_WARN_UNREACHABLE_CODE = YES;
				CLANG_WARN__DUPLICATE_METHOD_MATCH = YES;
				COPY_PHASE_STRIP = NO;
				DEBUG_INFORMATION_FORMAT = dwarf;
				ENABLE_STRICT_OBJC_MSGSEND = YES;
				ENABLE_TESTABILITY = YES;
				GCC_C_LANGUAGE_STANDARD = gnu11;
				GCC_DYNAMIC_NO_PIC = NO;
				GCC_NO_COMMON_BLOCKS = YES;
				GCC_OPTIMIZATION_LEVEL = 0;
				GCC_PREPROCESSOR_DEFINITIONS = (
					"DEBUG=1",
					"$(inherited)",
				);
				GCC_WARN_64_TO_32_BIT_CONVERSION = YES;
				GCC_WARN_ABOUT_RETURN_TYPE = YES_ERROR;
				GCC_WARN_UNDECLARED_SELECTOR = YES;
				GCC_WARN_UNINITIALIZED_AUTOS = YES_AGGRESSIVE;
				GCC_WARN_UNUSED_FUNCTION = YES;
				GCC_WARN_UNUSED_VARIABLE = YES;
				MTL_ENABLE_DEBUG_INFO = INCLUDE_SOURCE;
				MTL_FAST_MATH = YES;
				ONLY_ACTIVE_ARCH = YES;
				SWIFT_ACTIVE_COMPILATION_CONDITIONS = DEBUG;
				SWIFT_OPTIMIZATION_LEVEL = "-Onone";
			};
			name = Debug;
		};
		6E878B3927FF59A800FBB5D3 /* Release */ = {
			isa = XCBuildConfiguration;
			buildSettings = {
				ALWAYS_SEARCH_USER_PATHS = NO;
				CLANG_ANALYZER_NONNULL = YES;
				CLANG_ANALYZER_NUMBER_OBJECT_CONVERSION = YES_AGGRESSIVE;
				CLANG_CXX_LANGUAGE_STANDARD = "gnu++17";
				CLANG_ENABLE_MODULES = YES;
				CLANG_ENABLE_OBJC_ARC = YES;
				CLANG_ENABLE_OBJC_WEAK = YES;
				CLANG_WARN_BLOCK_CAPTURE_AUTORELEASING = YES;
				CLANG_WARN_BOOL_CONVERSION = YES;
				CLANG_WARN_COMMA = YES;
				CLANG_WARN_CONSTANT_CONVERSION = YES;
				CLANG_WARN_DEPRECATED_OBJC_IMPLEMENTATIONS = YES;
				CLANG_WARN_DIRECT_OBJC_ISA_USAGE = YES_ERROR;
				CLANG_WARN_DOCUMENTATION_COMMENTS = YES;
				CLANG_WARN_EMPTY_BODY = YES;
				CLANG_WARN_ENUM_CONVERSION = YES;
				CLANG_WARN_INFINITE_RECURSION = YES;
				CLANG_WARN_INT_CONVERSION = YES;
				CLANG_WARN_NON_LITERAL_NULL_CONVERSION = YES;
				CLANG_WARN_OBJC_IMPLICIT_RETAIN_SELF = YES;
				CLANG_WARN_OBJC_LITERAL_CONVERSION = YES;
				CLANG_WARN_OBJC_ROOT_CLASS = YES_ERROR;
				CLANG_WARN_QUOTED_INCLUDE_IN_FRAMEWORK_HEADER = YES;
				CLANG_WARN_RANGE_LOOP_ANALYSIS = YES;
				CLANG_WARN_STRICT_PROTOTYPES = YES;
				CLANG_WARN_SUSPICIOUS_MOVE = YES;
				CLANG_WARN_UNGUARDED_AVAILABILITY = YES_AGGRESSIVE;
				CLANG_WARN_UNREACHABLE_CODE = YES;
				CLANG_WARN__DUPLICATE_METHOD_MATCH = YES;
				COPY_PHASE_STRIP = NO;
				DEBUG_INFORMATION_FORMAT = "dwarf-with-dsym";
				ENABLE_NS_ASSERTIONS = NO;
				ENABLE_STRICT_OBJC_MSGSEND = YES;
				GCC_C_LANGUAGE_STANDARD = gnu11;
				GCC_NO_COMMON_BLOCKS = YES;
				GCC_WARN_64_TO_32_BIT_CONVERSION = YES;
				GCC_WARN_ABOUT_RETURN_TYPE = YES_ERROR;
				GCC_WARN_UNDECLARED_SELECTOR = YES;
				GCC_WARN_UNINITIALIZED_AUTOS = YES_AGGRESSIVE;
				GCC_WARN_UNUSED_FUNCTION = YES;
				GCC_WARN_UNUSED_VARIABLE = YES;
				MTL_ENABLE_DEBUG_INFO = NO;
				MTL_FAST_MATH = YES;
				SWIFT_COMPILATION_MODE = wholemodule;
				SWIFT_OPTIMIZATION_LEVEL = "-O";
			};
			name = Release;
		};
		6E878B3B27FF59A800FBB5D3 /* Debug */ = {
			isa = XCBuildConfiguration;
			buildSettings = {
				ASSETCATALOG_COMPILER_APPICON_NAME = AppIcon;
				ASSETCATALOG_COMPILER_GLOBAL_ACCENT_COLOR_NAME = AccentColor;
				CODE_SIGN_STYLE = Automatic;
				CURRENT_PROJECT_VERSION = 1;
				ENABLE_PREVIEWS = YES;
				GENERATE_INFOPLIST_FILE = YES;
				INFOPLIST_KEY_UIApplicationSceneManifest_Generation = YES;
				INFOPLIST_KEY_UIApplicationSupportsIndirectInputEvents = YES;
				INFOPLIST_KEY_UILaunchScreen_Generation = YES;
				INFOPLIST_KEY_UISupportedInterfaceOrientations_iPad = "UIInterfaceOrientationPortrait UIInterfaceOrientationPortraitUpsideDown UIInterfaceOrientationLandscapeLeft UIInterfaceOrientationLandscapeRight";
				INFOPLIST_KEY_UISupportedInterfaceOrientations_iPhone = "UIInterfaceOrientationPortrait UIInterfaceOrientationLandscapeLeft UIInterfaceOrientationLandscapeRight";
				IPHONEOS_DEPLOYMENT_TARGET = 15.4;
				LD_RUNPATH_SEARCH_PATHS = (
					"$(inherited)",
					"@executable_path/Frameworks",
				);
				MARKETING_VERSION = 1.0;
				PRODUCT_BUNDLE_IDENTIFIER = "com.jakezimmerman.Recipe-App";
				PRODUCT_NAME = "Recipe App";
				SDKROOT = iphoneos;
				SWIFT_EMIT_LOC_STRINGS = YES;
				SWIFT_VERSION = 5.0;
				TARGETED_DEVICE_FAMILY = "1,2";
			};
			name = Debug;
		};
		6E878B3C27FF59A800FBB5D3 /* Release */ = {
			isa = XCBuildConfiguration;
			buildSettings = {
				ASSETCATALOG_COMPILER_APPICON_NAME = AppIcon;
				ASSETCATALOG_COMPILER_GLOBAL_ACCENT_COLOR_NAME = AccentColor;
				CODE_SIGN_STYLE = Automatic;
				CURRENT_PROJECT_VERSION = 1;
				ENABLE_PREVIEWS = YES;
				GENERATE_INFOPLIST_FILE = YES;
				INFOPLIST_KEY_UIApplicationSceneManifest_Generation = YES;
				INFOPLIST_KEY_UIApplicationSupportsIndirectInputEvents = YES;
				INFOPLIST_KEY_UILaunchScreen_Generation = YES;
				INFOPLIST_KEY_UISupportedInterfaceOrientations_iPad = "UIInterfaceOrientationPortrait UIInterfaceOrientationPortraitUpsideDown UIInterfaceOrientationLandscapeLeft UIInterfaceOrientationLandscapeRight";
				INFOPLIST_KEY_UISupportedInterfaceOrientations_iPhone = "UIInterfaceOrientationPortrait UIInterfaceOrientationLandscapeLeft UIInterfaceOrientationLandscapeRight";
				IPHONEOS_DEPLOYMENT_TARGET = 15.4;
				LD_RUNPATH_SEARCH_PATHS = (
					"$(inherited)",
					"@executable_path/Frameworks",
				);
				MARKETING_VERSION = 1.0;
				PRODUCT_BUNDLE_IDENTIFIER = "com.jakezimmerman.Recipe-App";
				PRODUCT_NAME = "Recipe App";
				SDKROOT = iphoneos;
				SWIFT_EMIT_LOC_STRINGS = YES;
				SWIFT_VERSION = 5.0;
				TARGETED_DEVICE_FAMILY = "1,2";
				VALIDATE_PRODUCT = YES;
			};
			name = Release;
		};
		6E878B3E27FF59A800FBB5D3 /* Debug */ = {
			isa = XCBuildConfiguration;
			buildSettings = {
				ASSETCATALOG_COMPILER_APPICON_NAME = AppIcon;
				ASSETCATALOG_COMPILER_GLOBAL_ACCENT_COLOR_NAME = AccentColor;
				CODE_SIGN_ENTITLEMENTS = macOS/macOS.entitlements;
				CODE_SIGN_STYLE = Automatic;
				COMBINE_HIDPI_IMAGES = YES;
				CURRENT_PROJECT_VERSION = 1;
				ENABLE_PREVIEWS = YES;
				GENERATE_INFOPLIST_FILE = YES;
				INFOPLIST_KEY_NSHumanReadableCopyright = "";
				LD_RUNPATH_SEARCH_PATHS = (
					"$(inherited)",
					"@executable_path/../Frameworks",
				);
				MACOSX_DEPLOYMENT_TARGET = 12.0;
				MARKETING_VERSION = 1.0;
				PRODUCT_BUNDLE_IDENTIFIER = "com.jakezimmerman.Recipe-App";
				PRODUCT_NAME = "Recipe App";
				SDKROOT = macosx;
				SWIFT_EMIT_LOC_STRINGS = YES;
				SWIFT_VERSION = 5.0;
			};
			name = Debug;
		};
		6E878B3F27FF59A800FBB5D3 /* Release */ = {
			isa = XCBuildConfiguration;
			buildSettings = {
				ASSETCATALOG_COMPILER_APPICON_NAME = AppIcon;
				ASSETCATALOG_COMPILER_GLOBAL_ACCENT_COLOR_NAME = AccentColor;
				CODE_SIGN_ENTITLEMENTS = macOS/macOS.entitlements;
				CODE_SIGN_STYLE = Automatic;
				COMBINE_HIDPI_IMAGES = YES;
				CURRENT_PROJECT_VERSION = 1;
				ENABLE_PREVIEWS = YES;
				GENERATE_INFOPLIST_FILE = YES;
				INFOPLIST_KEY_NSHumanReadableCopyright = "";
				LD_RUNPATH_SEARCH_PATHS = (
					"$(inherited)",
					"@executable_path/../Frameworks",
				);
				MACOSX_DEPLOYMENT_TARGET = 12.0;
				MARKETING_VERSION = 1.0;
				PRODUCT_BUNDLE_IDENTIFIER = "com.jakezimmerman.Recipe-App";
				PRODUCT_NAME = "Recipe App";
				SDKROOT = macosx;
				SWIFT_EMIT_LOC_STRINGS = YES;
				SWIFT_VERSION = 5.0;
			};
			name = Release;
		};
		6E878B4127FF59A800FBB5D3 /* Debug */ = {
			isa = XCBuildConfiguration;
			buildSettings = {
				ALWAYS_EMBED_SWIFT_STANDARD_LIBRARIES = YES;
				CODE_SIGN_STYLE = Automatic;
				CURRENT_PROJECT_VERSION = 1;
				GENERATE_INFOPLIST_FILE = YES;
				IPHONEOS_DEPLOYMENT_TARGET = 15.4;
				MARKETING_VERSION = 1.0;
				PRODUCT_BUNDLE_IDENTIFIER = "com.jakezimmerman.Tests-iOS";
				PRODUCT_NAME = "$(TARGET_NAME)";
				SDKROOT = iphoneos;
				SWIFT_EMIT_LOC_STRINGS = NO;
				SWIFT_VERSION = 5.0;
				TARGETED_DEVICE_FAMILY = "1,2";
				TEST_TARGET_NAME = "Recipe App (iOS)";
			};
			name = Debug;
		};
		6E878B4227FF59A800FBB5D3 /* Release */ = {
			isa = XCBuildConfiguration;
			buildSettings = {
				ALWAYS_EMBED_SWIFT_STANDARD_LIBRARIES = YES;
				CODE_SIGN_STYLE = Automatic;
				CURRENT_PROJECT_VERSION = 1;
				GENERATE_INFOPLIST_FILE = YES;
				IPHONEOS_DEPLOYMENT_TARGET = 15.4;
				MARKETING_VERSION = 1.0;
				PRODUCT_BUNDLE_IDENTIFIER = "com.jakezimmerman.Tests-iOS";
				PRODUCT_NAME = "$(TARGET_NAME)";
				SDKROOT = iphoneos;
				SWIFT_EMIT_LOC_STRINGS = NO;
				SWIFT_VERSION = 5.0;
				TARGETED_DEVICE_FAMILY = "1,2";
				TEST_TARGET_NAME = "Recipe App (iOS)";
				VALIDATE_PRODUCT = YES;
			};
			name = Release;
		};
		6E878B4427FF59A800FBB5D3 /* Debug */ = {
			isa = XCBuildConfiguration;
			buildSettings = {
				ALWAYS_EMBED_SWIFT_STANDARD_LIBRARIES = YES;
				CODE_SIGN_STYLE = Automatic;
				CURRENT_PROJECT_VERSION = 1;
				GENERATE_INFOPLIST_FILE = YES;
				MACOSX_DEPLOYMENT_TARGET = 12.0;
				MARKETING_VERSION = 1.0;
				PRODUCT_BUNDLE_IDENTIFIER = "com.jakezimmerman.Tests-macOS";
				PRODUCT_NAME = "$(TARGET_NAME)";
				SDKROOT = macosx;
				SWIFT_EMIT_LOC_STRINGS = NO;
				SWIFT_VERSION = 5.0;
				TEST_TARGET_NAME = "Recipe App (macOS)";
			};
			name = Debug;
		};
		6E878B4527FF59A800FBB5D3 /* Release */ = {
			isa = XCBuildConfiguration;
			buildSettings = {
				ALWAYS_EMBED_SWIFT_STANDARD_LIBRARIES = YES;
				CODE_SIGN_STYLE = Automatic;
				CURRENT_PROJECT_VERSION = 1;
				GENERATE_INFOPLIST_FILE = YES;
				MACOSX_DEPLOYMENT_TARGET = 12.0;
				MARKETING_VERSION = 1.0;
				PRODUCT_BUNDLE_IDENTIFIER = "com.jakezimmerman.Tests-macOS";
				PRODUCT_NAME = "$(TARGET_NAME)";
				SDKROOT = macosx;
				SWIFT_EMIT_LOC_STRINGS = NO;
				SWIFT_VERSION = 5.0;
				TEST_TARGET_NAME = "Recipe App (macOS)";
			};
			name = Release;
		};
/* End XCBuildConfiguration section */

/* Begin XCConfigurationList section */
		6E878B0827FF59A400FBB5D3 /* Build configuration list for PBXProject "Recipe App" */ = {
			isa = XCConfigurationList;
			buildConfigurations = (
				6E878B3827FF59A800FBB5D3 /* Debug */,
				6E878B3927FF59A800FBB5D3 /* Release */,
			);
			defaultConfigurationIsVisible = 0;
			defaultConfigurationName = Release;
		};
		6E878B3A27FF59A800FBB5D3 /* Build configuration list for PBXNativeTarget "Recipe App (iOS)" */ = {
			isa = XCConfigurationList;
			buildConfigurations = (
				6E878B3B27FF59A800FBB5D3 /* Debug */,
				6E878B3C27FF59A800FBB5D3 /* Release */,
			);
			defaultConfigurationIsVisible = 0;
			defaultConfigurationName = Release;
		};
		6E878B3D27FF59A800FBB5D3 /* Build configuration list for PBXNativeTarget "Recipe App (macOS)" */ = {
			isa = XCConfigurationList;
			buildConfigurations = (
				6E878B3E27FF59A800FBB5D3 /* Debug */,
				6E878B3F27FF59A800FBB5D3 /* Release */,
			);
			defaultConfigurationIsVisible = 0;
			defaultConfigurationName = Release;
		};
		6E878B4027FF59A800FBB5D3 /* Build configuration list for PBXNativeTarget "Tests iOS" */ = {
			isa = XCConfigurationList;
			buildConfigurations = (
				6E878B4127FF59A800FBB5D3 /* Debug */,
				6E878B4227FF59A800FBB5D3 /* Release */,
			);
			defaultConfigurationIsVisible = 0;
			defaultConfigurationName = Release;
		};
		6E878B4327FF59A800FBB5D3 /* Build configuration list for PBXNativeTarget "Tests macOS" */ = {
			isa = XCConfigurationList;
			buildConfigurations = (
				6E878B4427FF59A800FBB5D3 /* Debug */,
				6E878B4527FF59A800FBB5D3 /* Release */,
			);
			defaultConfigurationIsVisible = 0;
			defaultConfigurationName = Release;
		};
/* End XCConfigurationList section */
	};
	rootObject = 6E878B0527FF59A400FBB5D3 /* Project object */;
}
